{
  "nodes": {
    "language-servers": {
      "inputs": {
        "nixpkgs": [
          "nixpkgs"
        ]
      },
      "locked": {
        "lastModified": 1709675937,
        "narHash": "sha256-LpSNmATGgzyXBnnXsuD6NX4VhnvbHPSCKO5hyNk1mz4=",
        "ref": "refs/heads/master",
        "rev": "23ac6ce745daede8c801160bbda7d2114666bd94",
        "revCount": 13,
        "type": "git",
        "url": "https://git.sr.ht/~bwolf/language-servers.nix"
      },
      "original": {
        "type": "git",
        "url": "https://git.sr.ht/~bwolf/language-servers.nix"
      }
    },
    "nixpkgs": {
      "locked": {
        "lastModified": 1727073201,
        "narHash": "sha256-EmhrfjqVDTyik/HMN7pyYLf5IMXRBz5/55ybcQz994E=",
        "owner": "NixOS",
        "repo": "nixpkgs",
        "rev": "921f61df10e89ca9295d393aee39ecfc4aa6f5ce",
        "type": "github"
      },
      "original": {
        "owner": "NixOS",
        "repo": "nixpkgs",
        "type": "github"
      }
    },
    "root": {
      "inputs": {
        "language-servers": "language-servers",
        "nixpkgs": "nixpkgs",
        "utils": "utils"
      }
    },
    "systems": {
      "locked": {
        "lastModified": 1681028828,
        "narHash": "sha256-Vy1rq5AaRuLzOxct8nz4T6wlgyUR7zLU309k9mBC768=",
        "owner": "nix-systems",
        "repo": "default",
        "rev": "da67096a3b9bf56a91d16901293e51ba5b49a27e",
        "type": "github"
      },
      "original": {
        "owner": "nix-systems",
        "repo": "default",
        "type": "github"
      }
    },
    "utils": {
      "inputs": {
        "systems": "systems"
      },
      "locked": {
        "lastModified": 1726560853,
        "narHash": "sha256-X6rJYSESBVr3hBoH0WbKE5KvhPU5bloyZ2L4K60/fPQ=",
        "owner": "numtide",
        "repo": "flake-utils",
        "rev": "c1dfcf08411b08f6b8615f7d8971a2bfa81d5e8a",
        "type": "github"
      },
      "original": {
        "owner": "numtide",
        "repo": "flake-utils",
        "type": "github"
      }
    }
  },
  "root": "root",
  "version": 7
}
